// !$*UTF8*$!
{
	archiveVersion = 1;
	classes = {
	};
	objectVersion = 56;
	objects = {

/* Begin PBXBuildFile section */
		A10000000000000000000001 /* VideoSaverApp.swift in Sources */ = {isa = PBXBuildFile; fileRef = A20000000000000000000001 /* VideoSaverApp.swift */; };
		A10000000000000000000002 /* ContentView.swift in Sources */ = {isa = PBXBuildFile; fileRef = A20000000000000000000002 /* ContentView.swift */; };
		A10000000000000000000003 /* DownloadItem.swift in Sources */ = {isa = PBXBuildFile; fileRef = A20000000000000000000003 /* DownloadItem.swift */; };
		A10000000000000000000004 /* DownloadManager.swift in Sources */ = {isa = PBXBuildFile; fileRef = A20000000000000000000004 /* DownloadManager.swift */; };
		A10000000000000000000005 /* HomeView.swift in Sources */ = {isa = PBXBuildFile; fileRef = A20000000000000000000005 /* HomeView.swift */; };
		A10000000000000000000006 /* PreviewView.swift in Sources */ = {isa = PBXBuildFile; fileRef = A20000000000000000000006 /* PreviewView.swift */; };
		A10000000000000000000007 /* DownloadsView.swift in Sources */ = {isa = PBXBuildFile; fileRef = A20000000000000000000007 /* DownloadsView.swift */; };
		A10000000000000000000008 /* SettingsView.swift in Sources */ = {isa = PBXBuildFile; fileRef = A20000000000000000000008 /* SettingsView.swift */; };
		A10000000000000000000009 /* Assets.xcassets in Resources */ = {isa = PBXBuildFile; fileRef = A20000000000000000000009 /* Assets.xcassets */; };
		B10000000000000000000006 /* DownloadRowContent.swift in Sources */ = {isa = PBXBuildFile; fileRef = B20000000000000000000006 /* DownloadRowContent.swift */; };
		B10000000000000000000001 /* MediaItem.swift in Sources */ = {isa = PBXBuildFile; fileRef = B20000000000000000000001 /* MediaItem.swift */; };
		B10000000000000000000002 /* StorageService.swift in Sources */ = {isa = PBXBuildFile; fileRef = B20000000000000000000002 /* StorageService.swift */; };
		B10000000000000000000003 /* LinkParserService.swift in Sources */ = {isa = PBXBuildFile; fileRef = B20000000000000000000003 /* LinkParserService.swift */; };
		B10000000000000000000004 /* PhotoLibraryService.swift in Sources */ = {isa = PBXBuildFile; fileRef = B20000000000000000000004 /* PhotoLibraryService.swift */; };
		B10000000000000000000005 /* AppViewModel.swift in Sources */ = {isa = PBXBuildFile; fileRef = B20000000000000000000005 /* AppViewModel.swift */; };
		C10000000000000000000001 /* PaywallView.swift in Sources */ = {isa = PBXBuildFile; fileRef = C20000000000000000000001 /* PaywallView.swift */; };
		C10000000000000000000002 /* PremiumPaywallView.swift in Sources */ = {isa = PBXBuildFile; fileRef = C20000000000000000000002 /* PremiumPaywallView.swift */; };
/* End PBXBuildFile section */

/* Begin PBXFileReference section */
		A20000000000000000000000 /* VideoSaver.app */ = {isa = PBXFileReference; explicitFileType = wrapper.application; includeInIndex = 0; path = VideoSaver.app; sourceTree = BUILT_PRODUCTS_DIR; };
		A20000000000000000000001 /* VideoSaverApp.swift */ = {isa = PBXFileReference; lastKnownFileType = sourcecode.swift; path = VideoSaverApp.swift; sourceTree = "<group>"; };
		A20000000000000000000002 /* ContentView.swift */ = {isa = PBXFileReference; lastKnownFileType = sourcecode.swift; path = ContentView.swift; sourceTree = "<group>"; };
		A20000000000000000000003 /* DownloadItem.swift */ = {isa = PBXFileReference; lastKnownFileType = sourcecode.swift; path = DownloadItem.swift; sourceTree = "<group>"; };
		A20000000000000000000004 /* DownloadManager.swift */ = {isa = PBXFileReference; lastKnownFileType = sourcecode.swift; path = DownloadManager.swift; sourceTree = "<group>"; };
		A20000000000000000000005 /* HomeView.swift */ = {isa = PBXFileReference; lastKnownFileType = sourcecode.swift; path = HomeView.swift; sourceTree = "<group>"; };
		A20000000000000000000006 /* PreviewView.swift */ = {isa = PBXFileReference; lastKnownFileType = sourcecode.swift; path = PreviewView.swift; sourceTree = "<group>"; };
		A20000000000000000000007 /* DownloadsView.swift */ = {isa = PBXFileReference; lastKnownFileType = sourcecode.swift; path = DownloadsView.swift; sourceTree = "<group>"; };
		A20000000000000000000008 /* SettingsView.swift */ = {isa = PBXFileReference; lastKnownFileType = sourcecode.swift; path = SettingsView.swift; sourceTree = "<group>"; };
		A20000000000000000000009 /* Assets.xcassets */ = {isa = PBXFileReference; lastKnownFileType = folder.assetcatalog; path = Assets.xcassets; sourceTree = "<group>"; };
		B20000000000000000000006 /* DownloadRowContent.swift */ = {isa = PBXFileReference; lastKnownFileType = sourcecode.swift; path = DownloadRowContent.swift; sourceTree = "<group>"; };
		B20000000000000000000001 /* MediaItem.swift */ = {isa = PBXFileReference; lastKnownFileType = sourcecode.swift; path = MediaItem.swift; sourceTree = "<group>"; };
		B20000000000000000000002 /* StorageService.swift */ = {isa = PBXFileReference; lastKnownFileType = sourcecode.swift; path = StorageService.swift; sourceTree = "<group>"; };
		B20000000000000000000003 /* LinkParserService.swift */ = {isa = PBXFileReference; lastKnownFileType = sourcecode.swift; path = LinkParserService.swift; sourceTree = "<group>"; };
		B20000000000000000000004 /* PhotoLibraryService.swift */ = {isa = PBXFileReference; lastKnownFileType = sourcecode.swift; path = PhotoLibraryService.swift; sourceTree = "<group>"; };
		B20000000000000000000005 /* AppViewModel.swift */ = {isa = PBXFileReference; lastKnownFileType = sourcecode.swift; path = AppViewModel.swift; sourceTree = "<group>"; };
		C20000000000000000000001 /* PaywallView.swift */ = {isa = PBXFileReference; lastKnownFileType = sourcecode.swift; path = PaywallView.swift; sourceTree = "<group>"; };
		C20000000000000000000002 /* PremiumPaywallView.swift */ = {isa = PBXFileReference; lastKnownFileType = sourcecode.swift; path = PremiumPaywallView.swift; sourceTree = "<group>"; };
/* End PBXFileReference section */

/* Begin PBXFrameworksBuildPhase section */
		A30000000000000000000001 /* Frameworks */ = {
			isa = PBXFrameworksBuildPhase;
			buildActionMask = 2147483647;
			files = (
			);
			runOnlyForDeploymentPostprocessing = 0;
		};
/* End PBXFrameworksBuildPhase section */

/* Begin PBXGroup section */
		A40000000000000000000001 = {
			isa = PBXGroup;
			children = (
				A40000000000000000000002 /* VideoSaver */,
				A40000000000000000000003 /* Products */,
			);
			sourceTree = "<group>";
		};
		A40000000000000000000002 /* VideoSaver */ = {
			isa = PBXGroup;
			children = (
				A20000000000000000000001 /* VideoSaverApp.swift */,
				A20000000000000000000002 /* ContentView.swift */,
				A40000000000000000000004 /* Models */,
				A40000000000000000000005 /* Services */,
				B40000000000000000000001 /* ViewModels */,
				A40000000000000000000006 /* Views */,
				A20000000000000000000009 /* Assets.xcassets */,
			);
			path = VideoSaver;
			sourceTree = "<group>";
		};
		A40000000000000000000003 /* Products */ = {
			isa = PBXGroup;
			children = (
				A20000000000000000000000 /* VideoSaver.app */,
			);
			name = Products;
			sourceTree = "<group>";
		};
		A40000000000000000000004 /* Models */ = {
			isa = PBXGroup;
			children = (
				A20000000000000000000003 /* DownloadItem.swift */,
				B20000000000000000000001 /* MediaItem.swift */,
			);
			path = Models;
			sourceTree = "<group>";
		};
		A40000000000000000000005 /* Services */ = {
			isa = PBXGroup;
			children = (
				A20000000000000000000004 /* DownloadManager.swift */,
				B20000000000000000000002 /* StorageService.swift */,
				B20000000000000000000003 /* LinkParserService.swift */,
				B20000000000000000000004 /* PhotoLibraryService.swift */,
			);
			path = Services;
			sourceTree = "<group>";
		};
		A40000000000000000000006 /* Views */ = {
			isa = PBXGroup;
			children = (
				A20000000000000000000005 /* HomeView.swift */,
				B20000000000000000000006 /* DownloadRowContent.swift */,
				A20000000000000000000006 /* PreviewView.swift */,
				A20000000000000000000007 /* DownloadsView.swift */,
				C20000000000000000000001 /* PaywallView.swift */,
				C20000000000000000000002 /* PremiumPaywallView.swift */,
				A20000000000000000000008 /* SettingsView.swift */,
			);
			path = Views;
			sourceTree = "<group>";
		};
		B40000000000000000000001 /* ViewModels */ = {
			isa = PBXGroup;
			children = (
				B20000000000000000000005 /* AppViewModel.swift */,
			);
			path = ViewModels;
			sourceTree = "<group>";
		};
/* End PBXGroup section */

/* Begin PBXNativeTarget section */
		A50000000000000000000001 /* VideoSaver */ = {
			isa = PBXNativeTarget;
			buildConfigurationList = A60000000000000000000002 /* Build configuration list for PBXNativeTarget "VideoSaver" */;
			buildPhases = (
				A50000000000000000000002 /* Sources */,
				A30000000000000000000001 /* Frameworks */,
				A50000000000000000000003 /* Resources */,
			);
			buildRules = (
			);
			dependencies = (
			);
			name = VideoSaver;
			productName = VideoSaver;
			productReference = A20000000000000000000000 /* VideoSaver.app */;
			productType = "com.apple.product-type.application";
		};
/* End PBXNativeTarget section */

/* Begin PBXProject section */
		A70000000000000000000001 /* Project object */ = {
			isa = PBXProject;
			attributes = {
				BuildIndependentTargetsInParallel = 1;
				LastSwiftUpdateCheck = 1500;
				LastUpgradeCheck = 1500;
				TargetAttributes = {
					A50000000000000000000001 = {
						CreatedOnToolsVersion = 15.0;
					};
				};
			};
			buildConfigurationList = A60000000000000000000001 /* Build configuration list for PBXProject "VideoSaver" */;
			compatibilityVersion = "Xcode 14.0";
			developmentRegion = en;
			hasScannedForEncodings = 0;
			knownRegions = (
				en,
				Base,
			);
			mainGroup = A40000000000000000000001;
			productRefGroup = A40000000000000000000003 /* Products */;
			projectDirPath = "";
			projectRoot = "";
			targets = (
				A50000000000000000000001 /* VideoSaver */,
			);
		};
/* End PBXProject section */

/* Begin PBXResourcesBuildPhase section */
		A50000000000000000000003 /* Resources */ = {
			isa = PBXResourcesBuildPhase;
			buildActionMask = 2147483647;
			files = (
				A10000000000000000000009 /* Assets.xcassets in Resources */,
			);
			runOnlyForDeploymentPostprocessing = 0;
		};
/* End PBXResourcesBuildPhase section */

/* Begin PBXSourcesBuildPhase section */
		A50000000000000000000002 /* Sources */ = {
			isa = PBXSourcesBuildPhase;
			buildActionMask = 2147483647;
			files = (
				A10000000000000000000001 /* VideoSaverApp.swift in Sources */,
				A10000000000000000000002 /* ContentView.swift in Sources */,
				A10000000000000000000003 /* DownloadItem.swift in Sources */,
				A10000000000000000000004 /* DownloadManager.swift in Sources */,
				A10000000000000000000005 /* HomeView.swift in Sources */,
				A10000000000000000000006 /* PreviewView.swift in Sources */,
				A10000000000000000000007 /* DownloadsView.swift in Sources */,
				A10000000000000000000008 /* SettingsView.swift in Sources */,
				B10000000000000000000006 /* DownloadRowContent.swift in Sources */,
				B10000000000000000000001 /* MediaItem.swift in Sources */,
				B10000000000000000000002 /* StorageService.swift in Sources */,
				B10000000000000000000003 /* LinkParserService.swift in Sources */,
				B10000000000000000000004 /* PhotoLibraryService.swift in Sources */,
				B10000000000000000000005 /* AppViewModel.swift in Sources */,
				C10000000000000000000001 /* PaywallView.swift in Sources */,
				C10000000000000000000002 /* PremiumPaywallView.swift in Sources */,
			);
			runOnlyForDeploymentPostprocessing = 0;
		};
/* End PBXSourcesBuildPhase section */

/* Begin XCBuildConfiguration section */
		A80000000000000000000001 /* Debug */ = {
			isa = XCBuildConfiguration;
			buildSettings = {
				ALWAYS_SEARCH_USER_PATHS = NO;
				ASSETCATALOG_COMPILER_GENERATE_SWIFT_ASSET_SYMBOL_EXTENSIONS = YES;
				CLANG_ANALYZER_NONNULL = YES;
				CLANG_ANALYZER_NUMBER_OBJECT_CONVERSION = YES_AGGRESSIVE;
				CLANG_CXX_LANGUAGE_STANDARD = "gnu++20";
				CLANG_ENABLE_MODULES = YES;
				CLANG_ENABLE_OBJC_ARC = YES;
				CLANG_ENABLE_OBJC_WEAK = YES;
				COPY_PHASE_STRIP = NO;
				DEBUG_INFORMATION_FORMAT = dwarf;
				ENABLE_STRICT_OBJC_MSGSEND = YES;
				ENABLE_TESTABILITY = YES;
				ENABLE_USER_SCRIPT_SANDBOXING = YES;
				GCC_C_LANGUAGE_STANDARD = gnu17;
				GCC_DYNAMIC_NO_PIC = NO;
				GCC_OPTIMIZATION_LEVEL = 0;
				GCC_PREPROCESSOR_DEFINITIONS = (
					"DEBUG=1",
					"$(inherited)",
				);
				GCC_WARN_64_TO_32_BIT_CONVERSION = YES;
				GCC_WARN_ABOUT_RETURN_TYPE = YES_ERROR;
				GCC_WARN_UNDECLARED_SELECTOR = YES;
				GCC_WARN_UNINITIALIZED_AUTOS = YES_AGGRESSIVE;
				GCC_WARN_UNUSED_FUNCTION = YES;
				GCC_WARN_UNUSED_VARIABLE = YES;
				IPHONEOS_DEPLOYMENT_TARGET = 16.0;
				LOCALIZATION_PREFERS_STRING_CATALOGS = YES;
				MTL_ENABLE_DEBUG_INFO = INCLUDE_SOURCE;
				MTL_FAST_MATH = YES;
				ONLY_ACTIVE_ARCH = YES;
				SDKROOT = iphoneos;
				SWIFT_ACTIVE_COMPILATION_CONDITIONS = "DEBUG $(inherited)";
				SWIFT_OPTIMIZATION_LEVEL = "-Onone";
			};
			name = Debug;
		};
		A80000000000000000000002 /* Release */ = {
			isa = XCBuildConfiguration;
			buildSettings = {
				ALWAYS_SEARCH_USER_PATHS = NO;
				ASSETCATALOG_COMPILER_GENERATE_SWIFT_ASSET_SYMBOL_EXTENSIONS = YES;
				CLANG_ANALYZER_NONNULL = YES;
				CLANG_ANALYZER_NUMBER_OBJECT_CONVERSION = YES_AGGRESSIVE;
				CLANG_CXX_LANGUAGE_STANDARD = "gnu++20";
				CLANG_ENABLE_MODULES = YES;
				CLANG_ENABLE_OBJC_ARC = YES;
				CLANG_ENABLE_OBJC_WEAK = YES;
				COPY_PHASE_STRIP = NO;
				DEBUG_INFORMATION_FORMAT = "dwarf-with-dsym";
				ENABLE_NS_ASSERTIONS = NO;
				ENABLE_STRICT_OBJC_MSGSEND = YES;
				ENABLE_USER_SCRIPT_SANDBOXING = YES;
				GCC_C_LANGUAGE_STANDARD = gnu17;
				GCC_WARN_64_TO_32_BIT_CONVERSION = YES;
				GCC_WARN_ABOUT_RETURN_TYPE = YES_ERROR;
				GCC_WARN_UNDECLARED_SELECTOR = YES;
				GCC_WARN_UNINITIALIZED_AUTOS = YES_AGGRESSIVE;
				GCC_WARN_UNUSED_FUNCTION = YES;
				GCC_WARN_UNUSED_VARIABLE = YES;
				IPHONEOS_DEPLOYMENT_TARGET = 16.0;
				LOCALIZATION_PREFERS_STRING_CATALOGS = YES;
				MTL_ENABLE_DEBUG_INFO = NO;
				MTL_FAST_MATH = YES;
				SDKROOT = iphoneos;
				SWIFT_COMPILATION_MODE = wholemodule;
				VALIDATE_PRODUCT = YES;
			};
			name = Release;
		};
		A80000000000000000000003 /* Debug */ = {
			isa = XCBuildConfiguration;
			buildSettings = {
				ASSETCATALOG_COMPILER_APPICON_NAME = AppIcon;
				ASSETCATALOG_COMPILER_GLOBAL_ACCENT_COLOR_NAME = AccentColor;
				CODE_SIGN_STYLE = Automatic;
				CURRENT_PROJECT_VERSION = 1;
				DEVELOPMENT_ASSET_PATHS = "";
				DEVELOPMENT_TEAM = 249275ZG2M;
				ENABLE_PREVIEWS = YES;
				GENERATE_INFOPLIST_FILE = YES;
				INFOPLIST_KEY_NSPhotoLibraryAddUsageDescription = "Media Manager needs access to save archived videos to your photo library.";
				INFOPLIST_KEY_UIApplicationScene_Configuration_ApplicationSessionRole = "Default Configuration";
				INFOPLIST_KEY_UIApplicationSupportsIndirectInputEvents = YES;
				INFOPLIST_KEY_UILaunchScreen_Generation = YES;
				INFOPLIST_KEY_UISupportedInterfaceOrientations_iPad = "UIInterfaceOrientationPortrait UIInterfaceOrientationPortraitUpsideDown UIInterfaceOrientationLandscapeLeft UIInterfaceOrientationLandscapeRight";
				INFOPLIST_KEY_UISupportedInterfaceOrientations_iPhone = "UIInterfaceOrientationPortrait UIInterfaceOrientationLandscapeLeft UIInterfaceOrientationLandscapeRight";
				LD_RUNPATH_SEARCH_PATHS = (
					"$(inherited)",
					"@executable_path/Frameworks",
				);
				MARKETING_VERSION = 1.0.0;
				PRODUCT_BUNDLE_IDENTIFIER = com.videosaver.app;
				PRODUCT_NAME = "$(TARGET_NAME)";
				SUPPORTED_PLATFORMS = "iphoneos iphonesimulator";
				SUPPORTS_MACCATALYST = NO;
				SUPPORTS_MAC_DESIGNED_FOR_IPHONE_IPAD = NO;
				SUPPORTS_XR_DESIGNED_FOR_IPHONE_IPAD = NO;
				SWIFT_EMIT_LOC_STRINGS = YES;
				SWIFT_VERSION = 5.0;
				TARGETED_DEVICE_FAMILY = 1;
			};
			name = Debug;
		};
		A80000000000000000000004 /* Release */ = {
			isa = XCBuildConfiguration;
			buildSettings = {
				ASSETCATALOG_COMPILER_APPICON_NAME = AppIcon;
				ASSETCATALOG_COMPILER_GLOBAL_ACCENT_COLOR_NAME = AccentColor;
				CODE_SIGN_STYLE = Automatic;
				CURRENT_PROJECT_VERSION = 1;
				DEVELOPMENT_ASSET_PATHS = "";
				DEVELOPMENT_TEAM = 249275ZG2M;
				ENABLE_PREVIEWS = YES;
				GENERATE_INFOPLIST_FILE = YES;
				INFOPLIST_KEY_NSPhotoLibraryAddUsageDescription = "Media Manager needs access to save archived videos to your photo library.";
				INFOPLIST_KEY_UIApplicationScene_Configuration_ApplicationSessionRole = "Default Configuration";
				INFOPLIST_KEY_UIApplicationSupportsIndirectInputEvents = YES;
				INFOPLIST_KEY_UILaunchScreen_Generation = YES;
				INFOPLIST_KEY_UISupportedInterfaceOrientations_iPad = "UIInterfaceOrientationPortrait UIInterfaceOrientationPortraitUpsideDown UIInterfaceOrientationLandscapeLeft UIInterfaceOrientationLandscapeRight";
				INFOPLIST_KEY_UISupportedInterfaceOrientations_iPhone = "UIInterfaceOrientationPortrait UIInterfaceOrientationLandscapeLeft UIInterfaceOrientationLandscapeRight";
				LD_RUNPATH_SEARCH_PATHS = (
					"$(inherited)",
					"@executable_path/Frameworks",
				);
				MARKETING_VERSION = 1.0.0;
				PRODUCT_BUNDLE_IDENTIFIER = com.videosaver.app;
				PRODUCT_NAME = "$(TARGET_NAME)";
				SUPPORTED_PLATFORMS = "iphoneos iphonesimulator";
				SUPPORTS_MACCATALYST = NO;
				SUPPORTS_MAC_DESIGNED_FOR_IPHONE_IPAD = NO;
				SUPPORTS_XR_DESIGNED_FOR_IPHONE_IPAD = NO;
				SWIFT_EMIT_LOC_STRINGS = YES;
				SWIFT_VERSION = 5.0;
				TARGETED_DEVICE_FAMILY = 1;
			};
			name = Release;
		};
/* End XCBuildConfiguration section */

/* Begin XCConfigurationList section */
		A60000000000000000000001 /* Build configuration list for PBXProject "VideoSaver" */ = {
			isa = XCConfigurationList;
			buildConfigurations = (
				A80000000000000000000001 /* Debug */,
				A80000000000000000000002 /* Release */,
			);
			defaultConfigurationIsVisible = 0;
			defaultConfigurationName = Release;
		};
		A60000000000000000000002 /* Build configuration list for PBXNativeTarget "VideoSaver" */ = {
			isa = XCConfigurationList;
			buildConfigurations = (
				A80000000000000000000003 /* Debug */,
				A80000000000000000000004 /* Release */,
			);
			defaultConfigurationIsVisible = 0;
			defaultConfigurationName = Release;
		};
/* End XCConfigurationList section */
	};
	rootObject = A70000000000000000000001 /* Project object */;
}
